<?xml version="1.0" encoding="utf-8"?>
<Project ToolsVersion="4.0" xmlns="http://schemas.microsoft.com/developer/msbuild/2003">
  <ItemGroup>
    <Filter Include="Tokenizer">
      <UniqueIdentifier>{9a93d2c7-44a9-4bd2-8068-f0299a3c7e61}</UniqueIdentifier>
    </Filter>
    <Filter Include="Parser">
      <UniqueIdentifier>{376b4450-751d-4ff5-be27-beaff98a7145}</UniqueIdentifier>
    </Filter>
    <Filter Include="main">
      <UniqueIdentifier>{4FC737F1-C7A5-4376-A066-2A32D752A2FF}</UniqueIdentifier>
      <Extensions>cpp;c;cc;cxx;def;odl;idl;hpj;bat;asm;asmx</Extensions>
    </Filter>
    <Filter Include="_ShaderInclude">
      <UniqueIdentifier>{f7b9e589-2e6b-4667-b337-bf9764206efa}</UniqueIdentifier>
    </Filter>
    <Filter Include="IFactory">
      <UniqueIdentifier>{6775ca11-2b3e-40e3-869e-18d1ce5cef36}</UniqueIdentifier>
    </Filter>
    <Filter Include="ShaderReflector">
      <UniqueIdentifier>{408578fc-ec78-47c1-812e-11245c8d5aae}</UniqueIdentifier>
    </Filter>
    <Filter Include="FileWriter">
      <UniqueIdentifier>{2bcc19ea-b0c6-42eb-b47c-c937faf2164f}</UniqueIdentifier>
    </Filter>
    <Filter Include="Effect">
      <UniqueIdentifier>{fb2817ae-c9a0-4835-933a-131b9995e766}</UniqueIdentifier>
    </Filter>
  </ItemGroup>
  <ItemGroup>
    <ClInclude Include="EffectTokenizer.h">
      <Filter>Tokenizer</Filter>
    </ClInclude>
    <ClInclude Include="EffectParser.h">
      <Filter>Parser</Filter>
    </ClInclude>
    <ClInclude Include="_ShaderInclude.h">
      <Filter>_ShaderInclude</Filter>
    </ClInclude>
    <ClInclude Include="IFactory.h">
      <Filter>IFactory</Filter>
    </ClInclude>
    <ClInclude Include="EffectCompiler.h">
      <Filter>main</Filter>
    </ClInclude>
    <ClInclude Include="ShaderReflector.h">
      <Filter>ShaderReflector</Filter>
    </ClInclude>
    <ClInclude Include="EffectTypeDecl.h">
      <Filter>main</Filter>
    </ClInclude>
    <ClInclude Include="FileWriter.h">
      <Filter>FileWriter</Filter>
    </ClInclude>
    <ClInclude Include="IEffect.h">
      <Filter>Effect</Filter>
    </ClInclude>
    <ClInclude Include="FileLoader.h">
      <Filter>Effect</Filter>
    </ClInclude>
  </ItemGroup>
  <ItemGroup>
    <ClCompile Include="main.cpp">
      <Filter>main</Filter>
    </ClCompile>
    <ClCompile Include="EffectCompiler.cpp">
      <Filter>main</Filter>
    </ClCompile>
    <ClCompile Include="EffectTokenizer.cpp">
      <Filter>Tokenizer</Filter>
    </ClCompile>
    <ClCompile Include="EffectParser.cpp">
      <Filter>Parser</Filter>
    </ClCompile>
    <ClCompile Include="_ShaderInclude.cpp">
      <Filter>_ShaderInclude</Filter>
    </ClCompile>
    <ClCompile Include="ShaderReflector.cpp">
      <Filter>ShaderReflector</Filter>
    </ClCompile>
    <ClCompile Include="FileWriter.cpp">
      <Filter>FileWriter</Filter>
    </ClCompile>
    <ClCompile Include="IEffect.cpp">
      <Filter>Effect</Filter>
    </ClCompile>
    <ClCompile Include="FileLoader.cpp">
      <Filter>Effect</Filter>
    </ClCompile>
  </ItemGroup>
</Project>